%{"bamboo": {:hex, :bamboo, "0.7.0", "2722e395a396dfedc12d300c900f65b216f7d7bf9d430c5dd0235690997878b7", [:mix], [{:httpoison, "~> 0.9", [hex: :httpoison, optional: false]}, {:plug, "~> 1.0", [hex: :plug, optional: false]}, {:poison, ">= 1.5.0", [hex: :poison, optional: false]}]},
  "certifi": {:hex, :certifi, "0.4.0", "a7966efb868b179023618d29a407548f70c52466bf1849b9e8ebd0e34b7ea11f", [:rebar3], []},
  "combine": {:hex, :combine, "0.7.0"},
  "connection": {:hex, :connection, "1.0.3", "3145f7416be3df248a4935f24e3221dc467c1e3a158d62015b35bd54da365786", [:mix], []},
  "cors_plug": {:hex, :cors_plug, "0.1.4", "bf4a69d5a0c5bad35e126dc31e0a61e85ded4ece0c7a0b0be2617965957b50e5", [:mix], [{:cowboy, "~> 1.0.0", [hex: :cowboy, optional: false]}, {:plug, "> 0.8.0", [hex: :plug, optional: false]}]},
  "cowboy": {:hex, :cowboy, "1.0.4", "a324a8df9f2316c833a470d918aaf73ae894278b8aa6226ce7a9bf699388f878", [:rebar, :make], [{:cowlib, "~> 1.0.0", [hex: :cowlib, optional: false]}, {:ranch, "~> 1.0", [hex: :ranch, optional: false]}]},
  "cowlib": {:hex, :cowlib, "1.0.2", "9d769a1d062c9c3ac753096f868ca121e2730b9a377de23dec0f7e08b1df84ee", [:make], []},
  "db_connection": {:hex, :db_connection, "1.0.0-rc.3", "d9ceb670fe300271140af46d357b669983cd16bc0d01206d7d3222dde56cf038", [:mix], [{:connection, "~> 1.0.2", [hex: :connection, optional: false]}, {:poolboy, "~> 1.5", [hex: :poolboy, optional: true]}, {:sbroker, "~> 1.0.0-beta.3", [hex: :sbroker, optional: true]}]},
  "decimal": {:hex, :decimal, "1.1.2", "79a769d4657b2d537b51ef3c02d29ab7141d2b486b516c109642d453ee08e00c", [:mix], []},
  "dialyxir": {:hex, :dialyxir, "0.3.3", "2f8bb8ab4e17acf4086cae847bd385c0f89296d3e3448dc304c26bfbe4b46cb4", [:mix], []},
  "dialyze": {:hex, :dialyze, "0.2.1", "9fb71767f96649020d769db7cbd7290059daff23707d6e851e206b1fdfa92f9d", [:mix], []},
  "earmark": {:git, "https://github.com/pragdave/earmark.git", "b44d4817aa2b4047b07f91d633ae83ed27c695ed", []},
  "ecto": {:hex, :ecto, "2.0.1", "cf97a4d353e14af3d3cc3b4452cfbd18b3aeee1fb4075475efeccec3853444a9", [:mix], [{:db_connection, "~> 1.0-rc.2", [hex: :db_connection, optional: true]}, {:decimal, "~> 1.0", [hex: :decimal, optional: false]}, {:mariaex, "~> 0.7.7", [hex: :mariaex, optional: true]}, {:poison, "~> 1.5 or ~> 2.0", [hex: :poison, optional: true]}, {:poolboy, "~> 1.5", [hex: :poolboy, optional: false]}, {:postgrex, "~> 0.11.2", [hex: :postgrex, optional: true]}, {:sbroker, "~> 1.0-beta", [hex: :sbroker, optional: true]}]},
  "envy": {:hex, :envy, "0.0.2", "278045cf7a7c7d46bd607e9cd6632b7d3fc71ddaa9c26bf364ec11af961b313b", [:mix], []},
  "ex_machina": {:hex, :ex_machina, "1.0.0", "0c70c6da21adacee4ffc41e8e85a3a1c463736b7693408fa4f196c34ad7f5333", [:mix], [{:ecto, "~> 2.0", [hex: :ecto, optional: true]}]},
  "exgravatar": {:hex, :exgravatar, "0.2.0", "6a28d05e04b0536fa18fd38492d313469738d1f86bfd342146b358961f3ac459", [:mix], []},
  "fs": {:hex, :fs, "0.9.2", "ed17036c26c3f70ac49781ed9220a50c36775c6ca2cf8182d123b6566e49ec59", [:rebar], []},
  "gettext": {:hex, :gettext, "0.11.0", "80c1dd42d270482418fa158ec5ba073d2980e3718bacad86f3d4ad71d5667679", [:mix], []},
  "good_times": {:hex, :good_times, "1.1.1", "7faa76021165e97143b4d933800a886b7675903c80535aa616fc42b8860a47d2", [:mix], []},
  "hackney": {:hex, :hackney, "1.6.0", "8d1e9440c9edf23bf5e5e2fe0c71de03eb265103b72901337394c840eec679ac", [:rebar3], [{:certifi, "0.4.0", [hex: :certifi, optional: false]}, {:idna, "1.2.0", [hex: :idna, optional: false]}, {:metrics, "1.0.1", [hex: :metrics, optional: false]}, {:mimerl, "1.0.2", [hex: :mimerl, optional: false]}, {:ssl_verify_fun, "1.1.0", [hex: :ssl_verify_fun, optional: false]}]},
  "honeybadger": {:hex, :honeybadger, "0.5.0", "fa181715993ebaa4af583c5b7a4a433fdc1224e044bc70a266c1b5de63cb20a6", [:mix], [{:httpoison, "~> 0.7", [hex: :httpoison, optional: false]}, {:plug, ">= 0.13.0 and < 2.0.0", [hex: :plug, optional: false]}, {:poison, ">= 1.4.0 and < 3.0.0", [hex: :poison, optional: false]}]},
  "html_sanitize_ex": {:hex, :html_sanitize_ex, "1.0.1", "2572e7122c78ab7e57b613e7c7f5e42bf9b3c25e430e32f23f1413d86db8a0af", [:mix], [{:mochiweb, "~> 2.12.2", [hex: :mochiweb, optional: false]}]},
  "httpoison": {:git, "https://github.com/edgurgel/httpoison.git", "c601e0920c9fa26e333b51750c6bf43725537c0f", []},
  "idna": {:hex, :idna, "1.2.0", "ac62ee99da068f43c50dc69acf700e03a62a348360126260e87f2b54eced86b2", [:rebar3], []},
  "metrics": {:hex, :metrics, "1.0.1", "25f094dea2cda98213cecc3aeff09e940299d950904393b2a29d191c346a8486", [:rebar3], []},
  "mimerl": {:hex, :mimerl, "1.0.2", "993f9b0e084083405ed8252b99460c4f0563e41729ab42d9074fd5e52439be88", [:rebar3], []},
  "mimetype_parser": {:hex, :mimetype_parser, "0.1.2", "221d2d3f727e89d80de5e1610fc2ce444514aa56f873da1b8fc9c033143e5d6a", [:mix], []},
  "mochiweb": {:hex, :mochiweb, "2.12.2", "80804ad342afa3d7f3524040d4eed66ce74b17a555de454ac85b07c479928e46", [:make, :rebar], []},
  "oauth2": {:hex, :oauth2, "0.6.0", "f3967aba3f358e64fb70046f659f04ea753d7a407ce032046dd048fc2e2e4be3", [:mix], [{:httpoison, "~> 0.7", [hex: :httpoison, optional: false]}, {:mimetype_parser, "~> 0.1", [hex: :mimetype_parser, optional: false]}, {:poison, "~> 1.3 or ~> 2.0", [hex: :poison, optional: false]}]},
  "pact": {:hex, :pact, "0.1.0", "59e6e1dceb49dd1e9293b3452e8a2c9e189d2366cef1331b821254f9a7e3e300", [:mix], []},
  "phoenix": {:hex, :phoenix, "1.2.0", "1bdeb99c254f4c534cdf98fd201dede682297ccc62fcac5d57a2627c3b6681fb", [:mix], [{:cowboy, "~> 1.0", [hex: :cowboy, optional: true]}, {:phoenix_pubsub, "~> 1.0", [hex: :phoenix_pubsub, optional: false]}, {:plug, "~> 1.1", [hex: :plug, optional: false]}, {:poison, "~> 1.5 or ~> 2.0", [hex: :poison, optional: false]}]},
  "phoenix_ecto": {:hex, :phoenix_ecto, "3.0.0", "b947aaf03d076f5b1448f87828f22fb7710478ee38455c67cc3fe8e9a4dfd015", [:mix], [{:ecto, "~> 2.0.0-rc", [hex: :ecto, optional: false]}, {:phoenix_html, "~> 2.6", [hex: :phoenix_html, optional: true]}]},
  "phoenix_html": {:hex, :phoenix_html, "2.6.0", "b9f7e091eb3d908586d9634596478fb9e577ee033d76f4ff327a745569bdd2d8", [:mix], [{:plug, "~> 0.13 or ~> 1.0", [hex: :plug, optional: false]}]},
  "phoenix_live_reload": {:hex, :phoenix_live_reload, "1.0.5", "829218c4152ba1e9848e2bf8e161fcde6b4ec679a516259442561d21fde68d0b", [:mix], [{:fs, "~> 0.9.1", [hex: :fs, optional: false]}, {:phoenix, "~> 1.0 or ~> 1.2-rc", [hex: :phoenix, optional: false]}]},
  "phoenix_pubsub": {:hex, :phoenix_pubsub, "1.0.0", "c31af4be22afeeebfaf246592778c8c840e5a1ddc7ca87610c41ccfb160c2c57", [:mix], []},
  "plug": {:hex, :plug, "1.1.6", "8927e4028433fcb859e000b9389ee9c37c80eb28378eeeea31b0273350bf668b", [:mix], [{:cowboy, "~> 1.0", [hex: :cowboy, optional: true]}]},
  "poison": {:hex, :poison, "2.2.0", "4763b69a8a77bd77d26f477d196428b741261a761257ff1cf92753a0d4d24a63", [:mix], []},
  "poolboy": {:hex, :poolboy, "1.5.1", "6b46163901cfd0a1b43d692657ed9d7e599853b3b21b95ae5ae0a777cf9b6ca8", [:rebar], []},
  "postgrex": {:hex, :postgrex, "0.11.2", "139755c1359d3c5c6d6e8b1ea72556d39e2746f61c6ddfb442813c91f53487e8", [:mix], [{:connection, "~> 1.0", [hex: :connection, optional: false]}, {:db_connection, "~> 1.0-rc", [hex: :db_connection, optional: false]}, {:decimal, "~> 1.0", [hex: :decimal, optional: false]}]},
  "quick_alias": {:hex, :quick_alias, "0.1.0", "9a0b11ca0963a88c32d869a55de4037e3e1c7f176ba27f6d7f92acb6e3da5892", [:mix], []},
  "ranch": {:hex, :ranch, "1.2.1", "a6fb992c10f2187b46ffd17ce398ddf8a54f691b81768f9ef5f461ea7e28c762", [:make], []},
  "scrivener": {:git, "https://github.com/drewolson/scrivener", "edea64662564e9fbc9b5a8f50ed265c93d5dfa67", [branch: "v2"]},
  "scrivener_ecto": {:git, "https://github.com/drewolson/scrivener_ecto", "8b0b97c708f31cdf923e439a2759afe5f0c8bbb6", []},
  "secure_random": {:hex, :secure_random, "0.2.0", "d5458ab5613410439c21a2fdbc52e98e6c96338f3ea25d08220c30cfc55f1238", [:mix], []},
  "ssl_verify_fun": {:hex, :ssl_verify_fun, "1.1.0", "edee20847c42e379bf91261db474ffbe373f8acb56e9079acb6038d4e0bf414f", [:rebar, :make], []},
  "tzdata": {:hex, :tzdata, "0.5.7"},
  "wallaby": {:hex, :wallaby, "0.6.0", "b026915c218fc6b6fbea45099c3e7cf9b05ce8346244a05db133b6b457947add", [:mix], [{:dialyze, "~> 0.2.0", [hex: :dialyze, optional: false]}, {:httpoison, "~> 0.8", [hex: :httpoison, optional: false]}, {:poison, ">= 1.4.0", [hex: :poison, optional: false]}, {:poolboy, "~> 1.5", [hex: :poolboy, optional: false]}]}}
