%{"bamboo": {:git, "https://github.com/paulcsmith/bamboo.git", "b2cc7c6d325ae6d0c124b68f2b53084cdf1f7bf9", []},
  "certifi": {:hex, :certifi, "0.3.0"},
  "combine": {:hex, :combine, "0.6.0"},
  "connection": {:hex, :connection, "1.0.2"},
  "cors_plug": {:hex, :cors_plug, "0.1.4"},
  "cowboy": {:hex, :cowboy, "1.0.4"},
  "cowlib": {:hex, :cowlib, "1.0.2"},
  "decimal": {:hex, :decimal, "1.1.1"},
  "dialyxir": {:hex, :dialyxir, "0.3.2"},
  "earmark": {:hex, :earmark, "0.1.19"},
  "ecto": {:hex, :ecto, "1.1.1"},
  "envy": {:hex, :envy, "0.0.2"},
  "ex_machina": {:hex, :ex_machina, "0.6.1"},
  "exgravatar": {:hex, :exgravatar, "0.2.0"},
  "hackney": {:hex, :hackney, "1.4.6"},
  "httpoison": {:git, "https://github.com/edgurgel/httpoison.git", "87aabe18be27bf25af2a4182b4754cd0a35aa1dd", []},
  "idna": {:hex, :idna, "1.0.2"},
  "mimerl": {:hex, :mimerl, "1.0.0"},
  "mimetype_parser": {:hex, :mimetype_parser, "0.1.0"},
  "oauth2": {:hex, :oauth2, "0.5.0"},
  "pact": {:hex, :pact, "0.1.0"},
  "phoenix": {:hex, :phoenix, "1.0.4"},
  "phoenix_ecto": {:hex, :phoenix_ecto, "1.2.0"},
  "phoenix_html": {:hex, :phoenix_html, "2.2.0"},
  "plug": {:hex, :plug, "1.0.3"},
  "poison": {:hex, :poison, "1.5.0"},
  "poolboy": {:hex, :poolboy, "1.5.1"},
  "postgrex": {:hex, :postgrex, "0.10.0"},
  "ranch": {:hex, :ranch, "1.2.0"},
  "secure_random": {:hex, :secure_random, "0.2.0"},
  "ssl_verify_hostname": {:hex, :ssl_verify_hostname, "1.0.5"},
  "timex": {:hex, :timex, "0.19.5"},
  "tzdata": {:hex, :tzdata, "0.5.5"}}
